
Microsoft Visual Studio Solution File, Format Version 12.00
# Visual Studio Version 16
VisualStudioVersion = 16.0.29324.140
MinimumVisualStudioVersion = 10.0.40219.1
Project("{FAE04EC0-301F-11D3-BF4B-00C04F79EFBC}") = "QLSanPham", "QLSanPham\QLSanPham.csproj", "{88450DFE-C78F-4378-86DB-2E3618D3369F}"
EndProject
Global
	GlobalSection(SolutionConfigurationPlatforms) = preSolution
		Debug|Any CPU = Debug|Any CPU
		Release|Any CPU = Release|Any CPU
	EndGlobalSection
	GlobalSection(ProjectConfigurationPlatforms) = postSolution
		{88450DFE-C78F-4378-86DB-2E3618D3369F}.Debug|Any CPU.ActiveCfg = Debug|Any CPU
		{88450DFE-C78F-4378-86DB-2E3618D3369F}.Debug|Any CPU.Build.0 = Debug|Any CPU
		{88450DFE-C78F-4378-86DB-2E3618D3369F}.Release|Any CPU.ActiveCfg = Release|Any CPU
		{88450DFE-C78F-4378-86DB-2E3618D3369F}.Release|Any CPU.Build.0 = Release|Any CPU
	EndGlobalSection
	GlobalSection(SolutionProperties) = preSolution
		HideSolutionNode = FALSE
	EndGlobalSection
	GlobalSection(ExtensibilityGlobals) = postSolution
		SolutionGuid = {8BCC2B02-DB17-45DC-BEFD-9D73D1AAB66F}
	EndGlobalSection
EndGlobal
